
Microsoft Visual Studio Solution File, Format Version 12.00
# Visual Studio 2012
Project("{FAE04EC0-301F-11D3-BF4B-00C04F79EFBC}") = "CTMK", "CTMK\CTMK.csproj", "{6795F7D8-87F3-4C70-8377-C1EA1B84F9B8}"
EndProject
Project("{FAE04EC0-301F-11D3-BF4B-00C04F79EFBC}") = "CTMK-API", "CTMK-API\CTMK-API.csproj", "{E99D9013-4FB0-44DF-A0A1-A3AB47DB6669}"
EndProject
Project("{FAE04EC0-301F-11D3-BF4B-00C04F79EFBC}") = "CTMK-TESTS", "CTMK-TESTS\CTMK-TESTS.csproj", "{2D3EB79A-E8B8-46E8-A57E-72FF95438340}"
EndProject
Global
	GlobalSection(SolutionConfigurationPlatforms) = preSolution
		Debug|Any CPU = Debug|Any CPU
		Debug|x86 = Debug|x86
		Release|Any CPU = Release|Any CPU
		Release|x86 = Release|x86
	EndGlobalSection
	GlobalSection(ProjectConfigurationPlatforms) = postSolution
		{6795F7D8-87F3-4C70-8377-C1EA1B84F9B8}.Debug|Any CPU.ActiveCfg = Debug|Any CPU
		{6795F7D8-87F3-4C70-8377-C1EA1B84F9B8}.Debug|Any CPU.Build.0 = Debug|Any CPU
		{6795F7D8-87F3-4C70-8377-C1EA1B84F9B8}.Debug|x86.ActiveCfg = Debug|x86
		{6795F7D8-87F3-4C70-8377-C1EA1B84F9B8}.Debug|x86.Build.0 = Debug|x86
		{6795F7D8-87F3-4C70-8377-C1EA1B84F9B8}.Release|Any CPU.ActiveCfg = Release|Any CPU
		{6795F7D8-87F3-4C70-8377-C1EA1B84F9B8}.Release|Any CPU.Build.0 = Release|Any CPU
		{6795F7D8-87F3-4C70-8377-C1EA1B84F9B8}.Release|x86.ActiveCfg = Release|x86
		{6795F7D8-87F3-4C70-8377-C1EA1B84F9B8}.Release|x86.Build.0 = Release|x86
		{E99D9013-4FB0-44DF-A0A1-A3AB47DB6669}.Debug|Any CPU.ActiveCfg = Debug|Any CPU
		{E99D9013-4FB0-44DF-A0A1-A3AB47DB6669}.Debug|Any CPU.Build.0 = Debug|Any CPU
		{E99D9013-4FB0-44DF-A0A1-A3AB47DB6669}.Debug|x86.ActiveCfg = Debug|x86
		{E99D9013-4FB0-44DF-A0A1-A3AB47DB6669}.Debug|x86.Build.0 = Debug|x86
		{E99D9013-4FB0-44DF-A0A1-A3AB47DB6669}.Release|Any CPU.ActiveCfg = Release|Any CPU
		{E99D9013-4FB0-44DF-A0A1-A3AB47DB6669}.Release|Any CPU.Build.0 = Release|Any CPU
		{E99D9013-4FB0-44DF-A0A1-A3AB47DB6669}.Release|x86.ActiveCfg = Release|x86
		{E99D9013-4FB0-44DF-A0A1-A3AB47DB6669}.Release|x86.Build.0 = Release|x86
		{2D3EB79A-E8B8-46E8-A57E-72FF95438340}.Debug|Any CPU.ActiveCfg = Debug|Any CPU
		{2D3EB79A-E8B8-46E8-A57E-72FF95438340}.Debug|Any CPU.Build.0 = Debug|Any CPU
		{2D3EB79A-E8B8-46E8-A57E-72FF95438340}.Debug|x86.ActiveCfg = Debug|x86
		{2D3EB79A-E8B8-46E8-A57E-72FF95438340}.Debug|x86.Build.0 = Debug|x86
		{2D3EB79A-E8B8-46E8-A57E-72FF95438340}.Release|Any CPU.ActiveCfg = Release|Any CPU
		{2D3EB79A-E8B8-46E8-A57E-72FF95438340}.Release|Any CPU.Build.0 = Release|Any CPU
		{2D3EB79A-E8B8-46E8-A57E-72FF95438340}.Release|x86.ActiveCfg = Release|x86
		{2D3EB79A-E8B8-46E8-A57E-72FF95438340}.Release|x86.Build.0 = Release|x86
	EndGlobalSection
	GlobalSection(SolutionProperties) = preSolution
		HideSolutionNode = FALSE
	EndGlobalSection
EndGlobal
